// !$*UTF8*$!
{
	archiveVersion = 1;
	classes = {
	};
	objectVersion = 50;
	objects = {

/* Begin PBXBuildFile section */
		250527E026D2461200DFC56A /* AppDelegate.swift in Sources */ = {isa = PBXBuildFile; fileRef = 250527DF26D2461200DFC56A /* AppDelegate.swift */; };
		250527E226D2461200DFC56A /* SceneDelegate.swift in Sources */ = {isa = PBXBuildFile; fileRef = 250527E126D2461200DFC56A /* SceneDelegate.swift */; };
		250527E426D2461200DFC56A /* ViewController.swift in Sources */ = {isa = PBXBuildFile; fileRef = 250527E326D2461200DFC56A /* ViewController.swift */; };
		250527E726D2461200DFC56A /* Main.storyboard in Resources */ = {isa = PBXBuildFile; fileRef = 250527E526D2461200DFC56A /* Main.storyboard */; };
		250527E926D2461800DFC56A /* Assets.xcassets in Resources */ = {isa = PBXBuildFile; fileRef = 250527E826D2461800DFC56A /* Assets.xcassets */; };
		250527EC26D2461800DFC56A /* LaunchScreen.storyboard in Resources */ = {isa = PBXBuildFile; fileRef = 250527EA26D2461800DFC56A /* LaunchScreen.storyboard */; };
		250527F426D252C200DFC56A /* listTableViewController.swift in Sources */ = {isa = PBXBuildFile; fileRef = 250527F326D252C200DFC56A /* listTableViewController.swift */; };
/* End PBXBuildFile section */

/* Begin PBXFileReference section */
		250527DC26D2461200DFC56A /* shoppingApp.app */ = {isa = PBXFileReference; explicitFileType = wrapper.application; includeInIndex = 0; path = shoppingApp.app; sourceTree = BUILT_PRODUCTS_DIR; };
		250527DF26D2461200DFC56A /* AppDelegate.swift */ = {isa = PBXFileReference; lastKnownFileType = sourcecode.swift; path = AppDelegate.swift; sourceTree = "<group>"; };
		250527E126D2461200DFC56A /* SceneDelegate.swift */ = {isa = PBXFileReference; lastKnownFileType = sourcecode.swift; path = SceneDelegate.swift; sourceTree = "<group>"; };
		250527E326D2461200DFC56A /* ViewController.swift */ = {isa = PBXFileReference; lastKnownFileType = sourcecode.swift; path = ViewController.swift; sourceTree = "<group>"; };
		250527E626D2461200DFC56A /* Base */ = {isa = PBXFileReference; lastKnownFileType = file.storyboard; name = Base; path = Base.lproj/Main.storyboard; sourceTree = "<group>"; };
		250527E826D2461800DFC56A /* Assets.xcassets */ = {isa = PBXFileReference; lastKnownFileType = folder.assetcatalog; path = Assets.xcassets; sourceTree = "<group>"; };
		250527EB26D2461800DFC56A /* Base */ = {isa = PBXFileReference; lastKnownFileType = file.storyboard; name = Base; path = Base.lproj/LaunchScreen.storyboard; sourceTree = "<group>"; };
		250527ED26D2461800DFC56A /* Info.plist */ = {isa = PBXFileReference; lastKnownFileType = text.plist.xml; path = Info.plist; sourceTree = "<group>"; };
		250527F326D252C200DFC56A /* listTableViewController.swift */ = {isa = PBXFileReference; lastKnownFileType = sourcecode.swift; path = listTableViewController.swift; sourceTree = "<group>"; };
/* End PBXFileReference section */

/* Begin PBXFrameworksBuildPhase section */
		250527D926D2461200DFC56A /* Frameworks */ = {
			isa = PBXFrameworksBuildPhase;
			buildActionMask = 2147483647;
			files = (
			);
			runOnlyForDeploymentPostprocessing = 0;
		};
/* End PBXFrameworksBuildPhase section */

/* Begin PBXGroup section */
		250527D326D2461200DFC56A = {
			isa = PBXGroup;
			children = (
				250527DE26D2461200DFC56A /* shoppingApp */,
				250527DD26D2461200DFC56A /* Products */,
			);
			sourceTree = "<group>";
		};
		250527DD26D2461200DFC56A /* Products */ = {
			isa = PBXGroup;
			children = (
				250527DC26D2461200DFC56A /* shoppingApp.app */,
			);
			name = Products;
			sourceTree = "<group>";
		};
		250527DE26D2461200DFC56A /* shoppingApp */ = {
			isa = PBXGroup;
			children = (
				250527DF26D2461200DFC56A /* AppDelegate.swift */,
				250527E126D2461200DFC56A /* SceneDelegate.swift */,
				250527E326D2461200DFC56A /* ViewController.swift */,
				250527E526D2461200DFC56A /* Main.storyboard */,
				250527F326D252C200DFC56A /* listTableViewController.swift */,
				250527E826D2461800DFC56A /* Assets.xcassets */,
				250527EA26D2461800DFC56A /* LaunchScreen.storyboard */,
				250527ED26D2461800DFC56A /* Info.plist */,
			);
			path = shoppingApp;
			sourceTree = "<group>";
		};
/* End PBXGroup section */

/* Begin PBXNativeTarget section */
		250527DB26D2461200DFC56A /* shoppingApp */ = {
			isa = PBXNativeTarget;
			buildConfigurationList = 250527F026D2461800DFC56A /* Build configuration list for PBXNativeTarget "shoppingApp" */;
			buildPhases = (
				250527D826D2461200DFC56A /* Sources */,
				250527D926D2461200DFC56A /* Frameworks */,
				250527DA26D2461200DFC56A /* Resources */,
			);
			buildRules = (
			);
			dependencies = (
			);
			name = shoppingApp;
			productName = shoppingApp;
			productReference = 250527DC26D2461200DFC56A /* shoppingApp.app */;
			productType = "com.apple.product-type.application";
		};
/* End PBXNativeTarget section */

/* Begin PBXProject section */
		250527D426D2461200DFC56A /* Project object */ = {
			isa = PBXProject;
			attributes = {
				LastSwiftUpdateCheck = 1250;
				LastUpgradeCheck = 1250;
				TargetAttributes = {
					250527DB26D2461200DFC56A = {
						CreatedOnToolsVersion = 12.5;
					};
				};
			};
			buildConfigurationList = 250527D726D2461200DFC56A /* Build configuration list for PBXProject "shoppingApp" */;
			compatibilityVersion = "Xcode 9.3";
			developmentRegion = en;
			hasScannedForEncodings = 0;
			knownRegions = (
				en,
				Base,
			);
			mainGroup = 250527D326D2461200DFC56A;
			productRefGroup = 250527DD26D2461200DFC56A /* Products */;
			projectDirPath = "";
			projectRoot = "";
			targets = (
				250527DB26D2461200DFC56A /* shoppingApp */,
			);
		};
/* End PBXProject section */

/* Begin PBXResourcesBuildPhase section */
		250527DA26D2461200DFC56A /* Resources */ = {
			isa = PBXResourcesBuildPhase;
			buildActionMask = 2147483647;
			files = (
				250527EC26D2461800DFC56A /* LaunchScreen.storyboard in Resources */,
				250527E926D2461800DFC56A /* Assets.xcassets in Resources */,
				250527E726D2461200DFC56A /* Main.storyboard in Resources */,
			);
			runOnlyForDeploymentPostprocessing = 0;
		};
/* End PBXResourcesBuildPhase section */

/* Begin PBXSourcesBuildPhase section */
		250527D826D2461200DFC56A /* Sources */ = {
			isa = PBXSourcesBuildPhase;
			buildActionMask = 2147483647;
			files = (
				250527E426D2461200DFC56A /* ViewController.swift in Sources */,
				250527E026D2461200DFC56A /* AppDelegate.swift in Sources */,
				250527E226D2461200DFC56A /* SceneDelegate.swift in Sources */,
				250527F426D252C200DFC56A /* listTableViewController.swift in Sources */,
			);
			runOnlyForDeploymentPostprocessing = 0;
		};
/* End PBXSourcesBuildPhase section */

/* Begin PBXVariantGroup section */
		250527E526D2461200DFC56A /* Main.storyboard */ = {
			isa = PBXVariantGroup;
			children = (
				250527E626D2461200DFC56A /* Base */,
			);
			name = Main.storyboard;
			sourceTree = "<group>";
		};
		250527EA26D2461800DFC56A /* LaunchScreen.storyboard */ = {
			isa = PBXVariantGroup;
			children = (
				250527EB26D2461800DFC56A /* Base */,
			);
			name = LaunchScreen.storyboard;
			sourceTree = "<group>";
		};
/* End PBXVariantGroup section */

/* Begin XCBuildConfiguration section */
		250527EE26D2461800DFC56A /* Debug */ = {
			isa = XCBuildConfiguration;
			buildSettings = {
				ALWAYS_SEARCH_USER_PATHS = NO;
				CLANG_ANALYZER_NONNULL = YES;
				CLANG_ANALYZER_NUMBER_OBJECT_CONVERSION = YES_AGGRESSIVE;
				CLANG_CXX_LANGUAGE_STANDARD = "gnu++14";
				CLANG_CXX_LIBRARY = "libc++";
				CLANG_ENABLE_MODULES = YES;
				CLANG_ENABLE_OBJC_ARC = YES;
				CLANG_ENABLE_OBJC_WEAK = YES;
				CLANG_WARN_BLOCK_CAPTURE_AUTORELEASING = YES;
				CLANG_WARN_BOOL_CONVERSION = YES;
				CLANG_WARN_COMMA = YES;
				CLANG_WARN_CONSTANT_CONVERSION = YES;
				CLANG_WARN_DEPRECATED_OBJC_IMPLEMENTATIONS = YES;
				CLANG_WARN_DIRECT_OBJC_ISA_USAGE = YES_ERROR;
				CLANG_WARN_DOCUMENTATION_COMMENTS = YES;
				CLANG_WARN_EMPTY_BODY = YES;
				CLANG_WARN_ENUM_CONVERSION = YES;
				CLANG_WARN_INFINITE_RECURSION = YES;
				CLANG_WARN_INT_CONVERSION = YES;
				CLANG_WARN_NON_LITERAL_NULL_CONVERSION = YES;
				CLANG_WARN_OBJC_IMPLICIT_RETAIN_SELF = YES;
				CLANG_WARN_OBJC_LITERAL_CONVERSION = YES;
				CLANG_WARN_OBJC_ROOT_CLASS = YES_ERROR;
				CLANG_WARN_QUOTED_INCLUDE_IN_FRAMEWORK_HEADER = YES;
				CLANG_WARN_RANGE_LOOP_ANALYSIS = YES;
				CLANG_WARN_STRICT_PROTOTYPES = YES;
				CLANG_WARN_SUSPICIOUS_MOVE = YES;
				CLANG_WARN_UNGUARDED_AVAILABILITY = YES_AGGRESSIVE;
				CLANG_WARN_UNREACHABLE_CODE = YES;
				CLANG_WARN__DUPLICATE_METHOD_MATCH = YES;
				COPY_PHASE_STRIP = NO;
				DEBUG_INFORMATION_FORMAT = dwarf;
				ENABLE_STRICT_OBJC_MSGSEND = YES;
				ENABLE_TESTABILITY = YES;
				GCC_C_LANGUAGE_STANDARD = gnu11;
				GCC_DYNAMIC_NO_PIC = NO;
				GCC_NO_COMMON_BLOCKS = YES;
				GCC_OPTIMIZATION_LEVEL = 0;
				GCC_PREPROCESSOR_DEFINITIONS = (
					"DEBUG=1",
					"$(inherited)",
				);
				GCC_WARN_64_TO_32_BIT_CONVERSION = YES;
				GCC_WARN_ABOUT_RETURN_TYPE = YES_ERROR;
				GCC_WARN_UNDECLARED_SELECTOR = YES;
				GCC_WARN_UNINITIALIZED_AUTOS = YES_AGGRESSIVE;
				GCC_WARN_UNUSED_FUNCTION = YES;
				GCC_WARN_UNUSED_VARIABLE = YES;
				IPHONEOS_DEPLOYMENT_TARGET = 14.5;
				MTL_ENABLE_DEBUG_INFO = INCLUDE_SOURCE;
				MTL_FAST_MATH = YES;
				ONLY_ACTIVE_ARCH = YES;
				SDKROOT = iphoneos;
				SWIFT_ACTIVE_COMPILATION_CONDITIONS = DEBUG;
				SWIFT_OPTIMIZATION_LEVEL = "-Onone";
			};
			name = Debug;
		};
		250527EF26D2461800DFC56A /* Release */ = {
			isa = XCBuildConfiguration;
			buildSettings = {
				ALWAYS_SEARCH_USER_PATHS = NO;
				CLANG_ANALYZER_NONNULL = YES;
				CLANG_ANALYZER_NUMBER_OBJECT_CONVERSION = YES_AGGRESSIVE;
				CLANG_CXX_LANGUAGE_STANDARD = "gnu++14";
				CLANG_CXX_LIBRARY = "libc++";
				CLANG_ENABLE_MODULES = YES;
				CLANG_ENABLE_OBJC_ARC = YES;
				CLANG_ENABLE_OBJC_WEAK = YES;
				CLANG_WARN_BLOCK_CAPTURE_AUTORELEASING = YES;
				CLANG_WARN_BOOL_CONVERSION = YES;
				CLANG_WARN_COMMA = YES;
				CLANG_WARN_CONSTANT_CONVERSION = YES;
				CLANG_WARN_DEPRECATED_OBJC_IMPLEMENTATIONS = YES;
				CLANG_WARN_DIRECT_OBJC_ISA_USAGE = YES_ERROR;
				CLANG_WARN_DOCUMENTATION_COMMENTS = YES;
				CLANG_WARN_EMPTY_BODY = YES;
				CLANG_WARN_ENUM_CONVERSION = YES;
				CLANG_WARN_INFINITE_RECURSION = YES;
				CLANG_WARN_INT_CONVERSION = YES;
				CLANG_WARN_NON_LITERAL_NULL_CONVERSION = YES;
				CLANG_WARN_OBJC_IMPLICIT_RETAIN_SELF = YES;
				CLANG_WARN_OBJC_LITERAL_CONVERSION = YES;
				CLANG_WARN_OBJC_ROOT_CLASS = YES_ERROR;
				CLANG_WARN_QUOTED_INCLUDE_IN_FRAMEWORK_HEADER = YES;
				CLANG_WARN_RANGE_LOOP_ANALYSIS = YES;
				CLANG_WARN_STRICT_PROTOTYPES = YES;
				CLANG_WARN_SUSPICIOUS_MOVE = YES;
				CLANG_WARN_UNGUARDED_AVAILABILITY = YES_AGGRESSIVE;
				CLANG_WARN_UNREACHABLE_CODE = YES;
				CLANG_WARN__DUPLICATE_METHOD_MATCH = YES;
				COPY_PHASE_STRIP = NO;
				DEBUG_INFORMATION_FORMAT = "dwarf-with-dsym";
				ENABLE_NS_ASSERTIONS = NO;
				ENABLE_STRICT_OBJC_MSGSEND = YES;
				GCC_C_LANGUAGE_STANDARD = gnu11;
				GCC_NO_COMMON_BLOCKS = YES;
				GCC_WARN_64_TO_32_BIT_CONVERSION = YES;
				GCC_WARN_ABOUT_RETURN_TYPE = YES_ERROR;
				GCC_WARN_UNDECLARED_SELECTOR = YES;
				GCC_WARN_UNINITIALIZED_AUTOS = YES_AGGRESSIVE;
				GCC_WARN_UNUSED_FUNCTION = YES;
				GCC_WARN_UNUSED_VARIABLE = YES;
				IPHONEOS_DEPLOYMENT_TARGET = 14.5;
				MTL_ENABLE_DEBUG_INFO = NO;
				MTL_FAST_MATH = YES;
				SDKROOT = iphoneos;
				SWIFT_COMPILATION_MODE = wholemodule;
				SWIFT_OPTIMIZATION_LEVEL = "-O";
				VALIDATE_PRODUCT = YES;
			};
			name = Release;
		};
		250527F126D2461800DFC56A /* Debug */ = {
			isa = XCBuildConfiguration;
			buildSettings = {
				ASSETCATALOG_COMPILER_APPICON_NAME = AppIcon;
				ASSETCATALOG_COMPILER_GLOBAL_ACCENT_COLOR_NAME = AccentColor;
				CODE_SIGN_STYLE = Automatic;
				DEVELOPMENT_TEAM = J3XG5W7SR9;
				INFOPLIST_FILE = shoppingApp/Info.plist;
				LD_RUNPATH_SEARCH_PATHS = (
					"$(inherited)",
					"@executable_path/Frameworks",
				);
				PRODUCT_BUNDLE_IDENTIFIER = com.YiTing.shoppingApp;
				PRODUCT_NAME = "$(TARGET_NAME)";
				SWIFT_VERSION = 5.0;
				TARGETED_DEVICE_FAMILY = "1,2";
			};
			name = Debug;
		};
		250527F226D2461800DFC56A /* Release */ = {
			isa = XCBuildConfiguration;
			buildSettings = {
				ASSETCATALOG_COMPILER_APPICON_NAME = AppIcon;
				ASSETCATALOG_COMPILER_GLOBAL_ACCENT_COLOR_NAME = AccentColor;
				CODE_SIGN_STYLE = Automatic;
				DEVELOPMENT_TEAM = J3XG5W7SR9;
				INFOPLIST_FILE = shoppingApp/Info.plist;
				LD_RUNPATH_SEARCH_PATHS = (
					"$(inherited)",
					"@executable_path/Frameworks",
				);
				PRODUCT_BUNDLE_IDENTIFIER = com.YiTing.shoppingApp;
				PRODUCT_NAME = "$(TARGET_NAME)";
				SWIFT_VERSION = 5.0;
				TARGETED_DEVICE_FAMILY = "1,2";
			};
			name = Release;
		};
/* End XCBuildConfiguration section */

/* Begin XCConfigurationList section */
		250527D726D2461200DFC56A /* Build configuration list for PBXProject "shoppingApp" */ = {
			isa = XCConfigurationList;
			buildConfigurations = (
				250527EE26D2461800DFC56A /* Debug */,
				250527EF26D2461800DFC56A /* Release */,
			);
			defaultConfigurationIsVisible = 0;
			defaultConfigurationName = Release;
		};
		250527F026D2461800DFC56A /* Build configuration list for PBXNativeTarget "shoppingApp" */ = {
			isa = XCConfigurationList;
			buildConfigurations = (
				250527F126D2461800DFC56A /* Debug */,
				250527F226D2461800DFC56A /* Release */,
			);
			defaultConfigurationIsVisible = 0;
			defaultConfigurationName = Release;
		};
/* End XCConfigurationList section */
	};
	rootObject = 250527D426D2461200DFC56A /* Project object */;
}
